// !$*UTF8*$!
{
	archiveVersion = 1;
	classes = {
	};
	objectVersion = 77;
	objects = {

/* Begin PBXContainerItemProxy section */
		C096E5FE300FAE39004D0062 /* PBXContainerItemProxy */ = {
			isa = PBXContainerItemProxy;
			containerPortal = 411466EFC6A6C3FC63512168 /* Project object */;
			proxyType = 1;
			remoteGlobalIDString = 86D472BF710F30D8FD703936;
			remoteInfo = GloWalk;
		};
/* End PBXContainerItemProxy section */

/* Begin PBXFileReference section */
		C096E5FA300FAE39004D0062 /* GloWalkTests.xctest */ = {isa = PBXFileReference; explicitFileType = wrapper.cfbundle; includeInIndex = 0; path = GloWalkTests.xctest; sourceTree = BUILT_PRODUCTS_DIR; };
		DBC70204636E21131E70C769 /* GloWalk.app */ = {isa = PBXFileReference; explicitFileType = wrapper.application; includeInIndex = 0; path = GloWalk.app; sourceTree = BUILT_PRODUCTS_DIR; };
/* End PBXFileReference section */

/* Begin PBXFileSystemSynchronizedBuildFileExceptionSet section */
		C096E67E3010D0CD004D0062 /* Exceptions for "GloWalk" folder in "GloWalk" target */ = {
			isa = PBXFileSystemSynchronizedBuildFileExceptionSet;
			membershipExceptions = (
				Info.plist,
				Resources/Taglines.json,
			);
			target = 86D472BF710F30D8FD703936 /* GloWalk */;
		};
/* End PBXFileSystemSynchronizedBuildFileExceptionSet section */

/* Begin PBXFileSystemSynchronizedRootGroup section */
		C096E5E7300FAC5D004D0062 /* GloWalk */ = {
			isa = PBXFileSystemSynchronizedRootGroup;
			exceptions = (
				C096E67E3010D0CD004D0062 /* Exceptions for "GloWalk" folder in "GloWalk" target */,
			);
			path = GloWalk;
			sourceTree = "<group>";
		};
		C096E5FB300FAE39004D0062 /* GloWalkTests */ = {
			isa = PBXFileSystemSynchronizedRootGroup;
			path = GloWalkTests;
			sourceTree = "<group>";
		};
/* End PBXFileSystemSynchronizedRootGroup section */

/* Begin PBXFrameworksBuildPhase section */
		C096E5F7300FAE39004D0062 /* Frameworks */ = {
			isa = PBXFrameworksBuildPhase;
			buildActionMask = 2147483647;
			files = (
			);
			runOnlyForDeploymentPostprocessing = 0;
		};
/* End PBXFrameworksBuildPhase section */

/* Begin PBXGroup section */
		1B8AB38905F9D52F241F954C /* Products */ = {
			isa = PBXGroup;
			children = (
				DBC70204636E21131E70C769 /* GloWalk.app */,
				C096E5FA300FAE39004D0062 /* GloWalkTests.xctest */,
			);
			name = Products;
			sourceTree = "<group>";
		};
		E2094CE57C5D1492D53A8585 = {
			isa = PBXGroup;
			children = (
				C096E5E7300FAC5D004D0062 /* GloWalk */,
				C096E5FB300FAE39004D0062 /* GloWalkTests */,
				1B8AB38905F9D52F241F954C /* Products */,
			);
			sourceTree = "<group>";
		};
/* End PBXGroup section */

/* Begin PBXNativeTarget section */
		86D472BF710F30D8FD703936 /* GloWalk */ = {
			isa = PBXNativeTarget;
			buildConfigurationList = 766040CB371C2F191FB297E9 /* Build configuration list for PBXNativeTarget "GloWalk" */;
			buildPhases = (
				DA6593F28405E64054438174 /* Sources */,
				C096E67D3010D0CC004D0062 /* Resources */,
			);
			buildRules = (
			);
			dependencies = (
			);
			fileSystemSynchronizedGroups = (
				C096E5E7300FAC5D004D0062 /* GloWalk */,
			);
			name = GloWalk;
			packageProductDependencies = (
			);
			productName = GloWalk;
			productReference = DBC70204636E21131E70C769 /* GloWalk.app */;
			productType = "com.apple.product-type.application";
		};
		C096E5F9300FAE39004D0062 /* GloWalkTests */ = {
			isa = PBXNativeTarget;
			buildConfigurationList = C096E600300FAE39004D0062 /* Build configuration list for PBXNativeTarget "GloWalkTests" */;
			buildPhases = (
				C096E5F6300FAE39004D0062 /* Sources */,
				C096E5F7300FAE39004D0062 /* Frameworks */,
				C096E5F8300FAE39004D0062 /* Resources */,
			);
			buildRules = (
			);
			dependencies = (
				C096E5FF300FAE39004D0062 /* PBXTargetDependency */,
			);
			fileSystemSynchronizedGroups = (
				C096E5FB300FAE39004D0062 /* GloWalkTests */,
			);
			name = GloWalkTests;
			packageProductDependencies = (
			);
			productName = GloWalkTests;
			productReference = C096E5FA300FAE39004D0062 /* GloWalkTests.xctest */;
			productType = "com.apple.product-type.bundle.unit-test";
		};
/* End PBXNativeTarget section */

/* Begin PBXProject section */
		411466EFC6A6C3FC63512168 /* Project object */ = {
			isa = PBXProject;
			attributes = {
				BuildIndependentTargetsInParallel = YES;
				LastSwiftUpdateCheck = 2660;
				LastUpgradeCheck = 2660;
				TargetAttributes = {
					C096E5F9300FAE39004D0062 = {
						CreatedOnToolsVersion = 26.6;
						TestTargetID = 86D472BF710F30D8FD703936;
					};
				};
			};
			buildConfigurationList = 1E8261C3CBF1FBF492FAAD76 /* Build configuration list for PBXProject "GloWalk" */;
			developmentRegion = en;
			hasScannedForEncodings = 0;
			knownRegions = (
				Base,
				en,
			);
			mainGroup = E2094CE57C5D1492D53A8585;
			minimizedProjectReferenceProxies = 1;
			preferredProjectObjectVersion = 77;
			productRefGroup = 1B8AB38905F9D52F241F954C /* Products */;
			projectDirPath = "";
			projectRoot = "";
			targets = (
				86D472BF710F30D8FD703936 /* GloWalk */,
				C096E5F9300FAE39004D0062 /* GloWalkTests */,
			);
		};
/* End PBXProject section */

/* Begin PBXResourcesBuildPhase section */
		C096E5F8300FAE39004D0062 /* Resources */ = {
			isa = PBXResourcesBuildPhase;
			buildActionMask = 2147483647;
			files = (
			);
			runOnlyForDeploymentPostprocessing = 0;
		};
		C096E67D3010D0CC004D0062 /* Resources */ = {
			isa = PBXResourcesBuildPhase;
			buildActionMask = 2147483647;
			files = (
			);
			runOnlyForDeploymentPostprocessing = 0;
		};
/* End PBXResourcesBuildPhase section */

/* Begin PBXSourcesBuildPhase section */
		C096E5F6300FAE39004D0062 /* Sources */ = {
			isa = PBXSourcesBuildPhase;
			buildActionMask = 2147483647;
			files = (
			);
			runOnlyForDeploymentPostprocessing = 0;
		};
		DA6593F28405E64054438174 /* Sources */ = {
			isa = PBXSourcesBuildPhase;
			buildActionMask = 2147483647;
			files = (
			);
			runOnlyForDeploymentPostprocessing = 0;
		};
/* End PBXSourcesBuildPhase section */

/* Begin PBXTargetDependency section */
		C096E5FF300FAE39004D0062 /* PBXTargetDependency */ = {
			isa = PBXTargetDependency;
			target = 86D472BF710F30D8FD703936 /* GloWalk */;
			targetProxy = C096E5FE300FAE39004D0062 /* PBXContainerItemProxy */;
		};
/* End PBXTargetDependency section */

/* Begin XCBuildConfiguration section */
		25894E580D3530B39371CDC0 /* Debug */ = {
			isa = XCBuildConfiguration;
			buildSettings = {
				ALWAYS_SEARCH_USER_PATHS = NO;
				CLANG_ANALYZER_NONNULL = YES;
				CLANG_ANALYZER_NUMBER_OBJECT_CONVERSION = YES_AGGRESSIVE;
				CLANG_CXX_LANGUAGE_STANDARD = "gnu++14";
				CLANG_CXX_LIBRARY = "libc++";
				CLANG_ENABLE_MODULES = YES;
				CLANG_ENABLE_OBJC_ARC = YES;
				CLANG_ENABLE_OBJC_WEAK = YES;
				CLANG_WARN_BLOCK_CAPTURE_AUTORELEASING = YES;
				CLANG_WARN_BOOL_CONVERSION = YES;
				CLANG_WARN_COMMA = YES;
				CLANG_WARN_CONSTANT_CONVERSION = YES;
				CLANG_WARN_DEPRECATED_OBJC_IMPLEMENTATIONS = YES;
				CLANG_WARN_DIRECT_OBJC_ISA_USAGE = YES_ERROR;
				CLANG_WARN_DOCUMENTATION_COMMENTS = YES;
				CLANG_WARN_EMPTY_BODY = YES;
				CLANG_WARN_ENUM_CONVERSION = YES;
				CLANG_WARN_INFINITE_RECURSION = YES;
				CLANG_WARN_INT_CONVERSION = YES;
				CLANG_WARN_NON_LITERAL_NULL_CONVERSION = YES;
				CLANG_WARN_OBJC_IMPLICIT_RETAIN_SELF = YES;
				CLANG_WARN_OBJC_LITERAL_CONVERSION = YES;
				CLANG_WARN_OBJC_ROOT_CLASS = YES_ERROR;
				CLANG_WARN_QUOTED_INCLUDE_IN_FRAMEWORK_HEADER = YES;
				CLANG_WARN_RANGE_LOOP_ANALYSIS = YES;
				CLANG_WARN_STRICT_PROTOTYPES = YES;
				CLANG_WARN_SUSPICIOUS_MOVE = YES;
				CLANG_WARN_UNGUARDED_AVAILABILITY = YES_AGGRESSIVE;
				CLANG_WARN_UNREACHABLE_CODE = YES;
				CLANG_WARN__DUPLICATE_METHOD_MATCH = YES;
				COPY_PHASE_STRIP = NO;
				DEBUG_INFORMATION_FORMAT = dwarf;
				DEVELOPMENT_TEAM = YUUWV9L8M8;
				ENABLE_STRICT_OBJC_MSGSEND = YES;
				ENABLE_TESTABILITY = YES;
				ENABLE_USER_SCRIPT_SANDBOXING = YES;
				GCC_C_LANGUAGE_STANDARD = gnu11;
				GCC_DYNAMIC_NO_PIC = NO;
				GCC_NO_COMMON_BLOCKS = YES;
				GCC_OPTIMIZATION_LEVEL = 0;
				GCC_PREPROCESSOR_DEFINITIONS = (
					"$(inherited)",
					"DEBUG=1",
				);
				GCC_WARN_64_TO_32_BIT_CONVERSION = YES;
				GCC_WARN_ABOUT_RETURN_TYPE = YES_ERROR;
				GCC_WARN_UNDECLARED_SELECTOR = YES;
				GCC_WARN_UNINITIALIZED_AUTOS = YES_AGGRESSIVE;
				GCC_WARN_UNUSED_FUNCTION = YES;
				GCC_WARN_UNUSED_VARIABLE = YES;
				INFOPLIST_KEY_CFBundleDisplayName = "随行路灯";
				INFOPLIST_KEY_CFBundleName = GloWalk;
				INFOPLIST_KEY_NSCameraUsageDescription = "GloWalk 用后摄像头感知环境明暗变化，不拍照、不录像、不存储任何画面。拒绝后需手动调节亮度。";
				INFOPLIST_KEY_NSLocationWhenInUseUsageDescription = "GloWalk 记录你的步行路径，用于生成夜路足迹海报。数据仅存于本机。";
				INFOPLIST_KEY_NSMotionUsageDescription = "GloWalk 用运动传感器识别步行状态和手机持握姿态，自动调节闪光灯亮度。";
				INFOPLIST_KEY_UIRequiredDeviceCapabilities = "armv7 flashlight";
				INFOPLIST_KEY_UISupportedInterfaceOrientations = UIInterfaceOrientationPortrait;
				INFOPLIST_KEY_UIUserInterfaceStyle = Dark;
				IPHONEOS_DEPLOYMENT_TARGET = 15.0;
				MTL_ENABLE_DEBUG_INFO = INCLUDE_SOURCE;
				MTL_FAST_MATH = YES;
				ONLY_ACTIVE_ARCH = YES;
				PRODUCT_NAME = "$(TARGET_NAME)";
				SDKROOT = iphoneos;
				STRING_CATALOG_GENERATE_SYMBOLS = YES;
				SWIFT_ACTIVE_COMPILATION_CONDITIONS = DEBUG;
				SWIFT_OPTIMIZATION_LEVEL = "-Onone";
				SWIFT_VERSION = 5.0;
			};
			name = Debug;
		};
		A52DE21FEE3B988C28105425 /* Release */ = {
			isa = XCBuildConfiguration;
			buildSettings = {
				ALWAYS_SEARCH_USER_PATHS = NO;
				CLANG_ANALYZER_NONNULL = YES;
				CLANG_ANALYZER_NUMBER_OBJECT_CONVERSION = YES_AGGRESSIVE;
				CLANG_CXX_LANGUAGE_STANDARD = "gnu++14";
				CLANG_CXX_LIBRARY = "libc++";
				CLANG_ENABLE_MODULES = YES;
				CLANG_ENABLE_OBJC_ARC = YES;
				CLANG_ENABLE_OBJC_WEAK = YES;
				CLANG_WARN_BLOCK_CAPTURE_AUTORELEASING = YES;
				CLANG_WARN_BOOL_CONVERSION = YES;
				CLANG_WARN_COMMA = YES;
				CLANG_WARN_CONSTANT_CONVERSION = YES;
				CLANG_WARN_DEPRECATED_OBJC_IMPLEMENTATIONS = YES;
				CLANG_WARN_DIRECT_OBJC_ISA_USAGE = YES_ERROR;
				CLANG_WARN_DOCUMENTATION_COMMENTS = YES;
				CLANG_WARN_EMPTY_BODY = YES;
				CLANG_WARN_ENUM_CONVERSION = YES;
				CLANG_WARN_INFINITE_RECURSION = YES;
				CLANG_WARN_INT_CONVERSION = YES;
				CLANG_WARN_NON_LITERAL_NULL_CONVERSION = YES;
				CLANG_WARN_OBJC_IMPLICIT_RETAIN_SELF = YES;
				CLANG_WARN_OBJC_LITERAL_CONVERSION = YES;
				CLANG_WARN_OBJC_ROOT_CLASS = YES_ERROR;
				CLANG_WARN_QUOTED_INCLUDE_IN_FRAMEWORK_HEADER = YES;
				CLANG_WARN_RANGE_LOOP_ANALYSIS = YES;
				CLANG_WARN_STRICT_PROTOTYPES = YES;
				CLANG_WARN_SUSPICIOUS_MOVE = YES;
				CLANG_WARN_UNGUARDED_AVAILABILITY = YES_AGGRESSIVE;
				CLANG_WARN_UNREACHABLE_CODE = YES;
				CLANG_WARN__DUPLICATE_METHOD_MATCH = YES;
				COPY_PHASE_STRIP = NO;
				DEBUG_INFORMATION_FORMAT = "dwarf-with-dsym";
				DEVELOPMENT_TEAM = YUUWV9L8M8;
				ENABLE_NS_ASSERTIONS = NO;
				ENABLE_STRICT_OBJC_MSGSEND = YES;
				ENABLE_USER_SCRIPT_SANDBOXING = YES;
				GCC_C_LANGUAGE_STANDARD = gnu11;
				GCC_NO_COMMON_BLOCKS = YES;
				GCC_WARN_64_TO_32_BIT_CONVERSION = YES;
				GCC_WARN_ABOUT_RETURN_TYPE = YES_ERROR;
				GCC_WARN_UNDECLARED_SELECTOR = YES;
				GCC_WARN_UNINITIALIZED_AUTOS = YES_AGGRESSIVE;
				GCC_WARN_UNUSED_FUNCTION = YES;
				GCC_WARN_UNUSED_VARIABLE = YES;
				INFOPLIST_KEY_CFBundleDisplayName = "随行路灯";
				INFOPLIST_KEY_CFBundleName = GloWalk;
				INFOPLIST_KEY_NSCameraUsageDescription = "GloWalk 用后摄像头感知环境明暗变化，不拍照、不录像、不存储任何画面。拒绝后需手动调节亮度。";
				INFOPLIST_KEY_NSLocationWhenInUseUsageDescription = "GloWalk 记录你的步行路径，用于生成夜路足迹海报。数据仅存于本机。";
				INFOPLIST_KEY_NSMotionUsageDescription = "GloWalk 用运动传感器识别步行状态和手机持握姿态，自动调节闪光灯亮度。";
				INFOPLIST_KEY_UIRequiredDeviceCapabilities = "armv7 flashlight";
				INFOPLIST_KEY_UISupportedInterfaceOrientations = UIInterfaceOrientationPortrait;
				INFOPLIST_KEY_UIUserInterfaceStyle = Dark;
				IPHONEOS_DEPLOYMENT_TARGET = 15.0;
				MTL_ENABLE_DEBUG_INFO = NO;
				MTL_FAST_MATH = YES;
				PRODUCT_NAME = "$(TARGET_NAME)";
				SDKROOT = iphoneos;
				STRING_CATALOG_GENERATE_SYMBOLS = YES;
				SWIFT_COMPILATION_MODE = wholemodule;
				SWIFT_OPTIMIZATION_LEVEL = "-O";
				SWIFT_VERSION = 5.0;
			};
			name = Release;
		};
		BDADF5B3422AA7276DB00390 /* Release */ = {
			isa = XCBuildConfiguration;
			buildSettings = {
				ASSETCATALOG_COMPILER_APPICON_NAME = AppIcon;
				CODE_SIGN_ENTITLEMENTS = GloWalk/GloWalk.entitlements;
				CODE_SIGN_IDENTITY = "iPhone Developer";
				GENERATE_INFOPLIST_FILE = YES;
				INFOPLIST_FILE = GloWalk/Info.plist;
				INFOPLIST_KEY_CFBundleDisplayName = "随行路灯";
				INFOPLIST_KEY_LSApplicationCategoryType = "public.app-category.utilities";
				INFOPLIST_KEY_NSCameraUsageDescription = "GloWalk 用后摄像头感知环境明暗变化，不拍照、不录像、不存储任何画面。拒绝后需手动调节亮度。";
				INFOPLIST_KEY_NSLocationWhenInUseUsageDescription = "GloWalk 记录你的步行路径，用于生成夜路足迹海报。数据仅存于本机。";
				INFOPLIST_KEY_NSMotionUsageDescription = "GloWalk 用运动传感器识别步行状态和手机持握姿态，自动调节闪光灯亮度。";
				INFOPLIST_KEY_NSPhotoLibraryUsageDescription = "保存海报到相册";
				INFOPLIST_KEY_UIRequiredDeviceCapabilities = "armv7 flashlight";
				INFOPLIST_KEY_UISupportedInterfaceOrientations = UIInterfaceOrientationPortrait;
				INFOPLIST_KEY_UIUserInterfaceStyle = Dark;
				LD_RUNPATH_SEARCH_PATHS = (
					"$(inherited)",
					"@executable_path/Frameworks",
				);
				PRODUCT_BUNDLE_IDENTIFIER = wang.xingyu.glowalk;
				SDKROOT = iphoneos;
				SUPPORTED_PLATFORMS = "iphoneos iphonesimulator";
				SUPPORTS_MACCATALYST = NO;
				SUPPORTS_MAC_DESIGNED_FOR_IPHONE_IPAD = NO;
				SUPPORTS_XR_DESIGNED_FOR_IPHONE_IPAD = NO;
				SWIFT_VERSION = 5.0;
				TARGETED_DEVICE_FAMILY = 1;
			};
			name = Release;
		};
		C096E601300FAE39004D0062 /* Debug */ = {
			isa = XCBuildConfiguration;
			buildSettings = {
				ASSETCATALOG_COMPILER_GENERATE_SWIFT_ASSET_SYMBOL_EXTENSIONS = YES;
				BUNDLE_LOADER = "$(TEST_HOST)";
				CLANG_CXX_LANGUAGE_STANDARD = "gnu++20";
				CODE_SIGN_STYLE = Automatic;
				CURRENT_PROJECT_VERSION = 1;
				DEVELOPMENT_TEAM = YUUWV9L8M8;
				GCC_C_LANGUAGE_STANDARD = gnu17;
				GCC_PREPROCESSOR_DEFINITIONS = (
					"DEBUG=1",
					"$(inherited)",
				);
				GENERATE_INFOPLIST_FILE = YES;
				IPHONEOS_DEPLOYMENT_TARGET = 26.5;
				LOCALIZATION_PREFERS_STRING_CATALOGS = YES;
				MARKETING_VERSION = 1.0;
				PRODUCT_BUNDLE_IDENTIFIER = wang.xingyu.GloWalkTests;
				PRODUCT_NAME = "$(TARGET_NAME)";
				STRING_CATALOG_GENERATE_SYMBOLS = NO;
				SWIFT_ACTIVE_COMPILATION_CONDITIONS = "DEBUG $(inherited)";
				SWIFT_APPROACHABLE_CONCURRENCY = YES;
				SWIFT_EMIT_LOC_STRINGS = NO;
				SWIFT_UPCOMING_FEATURE_MEMBER_IMPORT_VISIBILITY = YES;
				SWIFT_VERSION = 5.0;
				TARGETED_DEVICE_FAMILY = "1,2";
				TEST_HOST = "$(BUILT_PRODUCTS_DIR)/GloWalk.app/$(BUNDLE_EXECUTABLE_FOLDER_PATH)/GloWalk";
			};
			name = Debug;
		};
		C096E602300FAE39004D0062 /* Release */ = {
			isa = XCBuildConfiguration;
			buildSettings = {
				ASSETCATALOG_COMPILER_GENERATE_SWIFT_ASSET_SYMBOL_EXTENSIONS = YES;
				BUNDLE_LOADER = "$(TEST_HOST)";
				CLANG_CXX_LANGUAGE_STANDARD = "gnu++20";
				CODE_SIGN_STYLE = Automatic;
				CURRENT_PROJECT_VERSION = 1;
				DEVELOPMENT_TEAM = YUUWV9L8M8;
				GCC_C_LANGUAGE_STANDARD = gnu17;
				GENERATE_INFOPLIST_FILE = YES;
				IPHONEOS_DEPLOYMENT_TARGET = 26.5;
				LOCALIZATION_PREFERS_STRING_CATALOGS = YES;
				MARKETING_VERSION = 1.0;
				PRODUCT_BUNDLE_IDENTIFIER = wang.xingyu.GloWalkTests;
				PRODUCT_NAME = "$(TARGET_NAME)";
				STRING_CATALOG_GENERATE_SYMBOLS = NO;
				SWIFT_APPROACHABLE_CONCURRENCY = YES;
				SWIFT_EMIT_LOC_STRINGS = NO;
				SWIFT_UPCOMING_FEATURE_MEMBER_IMPORT_VISIBILITY = YES;
				SWIFT_VERSION = 5.0;
				TARGETED_DEVICE_FAMILY = "1,2";
				TEST_HOST = "$(BUILT_PRODUCTS_DIR)/GloWalk.app/$(BUNDLE_EXECUTABLE_FOLDER_PATH)/GloWalk";
				VALIDATE_PRODUCT = YES;
			};
			name = Release;
		};
		E0D22A0266A8A33175E514B5 /* Debug */ = {
			isa = XCBuildConfiguration;
			buildSettings = {
				ASSETCATALOG_COMPILER_APPICON_NAME = AppIcon;
				CODE_SIGN_ENTITLEMENTS = GloWalk/GloWalk.entitlements;
				CODE_SIGN_IDENTITY = "iPhone Developer";
				GENERATE_INFOPLIST_FILE = YES;
				INFOPLIST_FILE = GloWalk/Info.plist;
				INFOPLIST_KEY_CFBundleDisplayName = "随行路灯";
				INFOPLIST_KEY_LSApplicationCategoryType = "public.app-category.utilities";
				INFOPLIST_KEY_NSCameraUsageDescription = "GloWalk 用后摄像头感知环境明暗变化，不拍照、不录像、不存储任何画面。拒绝后需手动调节亮度。";
				INFOPLIST_KEY_NSLocationWhenInUseUsageDescription = "GloWalk 记录你的步行路径，用于生成夜路足迹海报。数据仅存于本机。";
				INFOPLIST_KEY_NSMotionUsageDescription = "GloWalk 用运动传感器识别步行状态和手机持握姿态，自动调节闪光灯亮度。";
				INFOPLIST_KEY_NSPhotoLibraryUsageDescription = "保存海报到相册";
				INFOPLIST_KEY_UIRequiredDeviceCapabilities = "armv7 flashlight";
				INFOPLIST_KEY_UISupportedInterfaceOrientations = UIInterfaceOrientationPortrait;
				INFOPLIST_KEY_UIUserInterfaceStyle = Dark;
				LD_RUNPATH_SEARCH_PATHS = (
					"$(inherited)",
					"@executable_path/Frameworks",
				);
				PRODUCT_BUNDLE_IDENTIFIER = wang.xingyu.glowalk;
				SDKROOT = iphoneos;
				SUPPORTED_PLATFORMS = "iphoneos iphonesimulator";
				SUPPORTS_MACCATALYST = NO;
				SUPPORTS_MAC_DESIGNED_FOR_IPHONE_IPAD = NO;
				SUPPORTS_XR_DESIGNED_FOR_IPHONE_IPAD = NO;
				SWIFT_VERSION = 5.0;
				TARGETED_DEVICE_FAMILY = 1;
			};
			name = Debug;
		};
/* End XCBuildConfiguration section */

/* Begin XCConfigurationList section */
		1E8261C3CBF1FBF492FAAD76 /* Build configuration list for PBXProject "GloWalk" */ = {
			isa = XCConfigurationList;
			buildConfigurations = (
				25894E580D3530B39371CDC0 /* Debug */,
				A52DE21FEE3B988C28105425 /* Release */,
			);
			defaultConfigurationIsVisible = 0;
			defaultConfigurationName = Debug;
		};
		766040CB371C2F191FB297E9 /* Build configuration list for PBXNativeTarget "GloWalk" */ = {
			isa = XCConfigurationList;
			buildConfigurations = (
				E0D22A0266A8A33175E514B5 /* Debug */,
				BDADF5B3422AA7276DB00390 /* Release */,
			);
			defaultConfigurationIsVisible = 0;
			defaultConfigurationName = Debug;
		};
		C096E600300FAE39004D0062 /* Build configuration list for PBXNativeTarget "GloWalkTests" */ = {
			isa = XCConfigurationList;
			buildConfigurations = (
				C096E601300FAE39004D0062 /* Debug */,
				C096E602300FAE39004D0062 /* Release */,
			);
			defaultConfigurationIsVisible = 0;
			defaultConfigurationName = Debug;
		};
/* End XCConfigurationList section */
	};
	rootObject = 411466EFC6A6C3FC63512168 /* Project object */;
}
